// !$*UTF8*$!
{
	archiveVersion = 1;
	classes = {
	};
	objectVersion = 55;
	objects = {

/* Begin PBXBuildFile section */
		11CE53EF27E0D563007AC389 /* AppDelegate.swift in Sources */ = {isa = PBXBuildFile; fileRef = 11CE53EE27E0D563007AC389 /* AppDelegate.swift */; };
		11CE53F127E0D563007AC389 /* SceneDelegate.swift in Sources */ = {isa = PBXBuildFile; fileRef = 11CE53F027E0D563007AC389 /* SceneDelegate.swift */; };
		11CE53F327E0D563007AC389 /* ViewController.swift in Sources */ = {isa = PBXBuildFile; fileRef = 11CE53F227E0D563007AC389 /* ViewController.swift */; };
		11CE53F627E0D563007AC389 /* Main.storyboard in Resources */ = {isa = PBXBuildFile; fileRef = 11CE53F427E0D563007AC389 /* Main.storyboard */; };
		11CE53F927E0D563007AC389 /* clickerGame.xcdatamodeld in Sources */ = {isa = PBXBuildFile; fileRef = 11CE53F727E0D563007AC389 /* clickerGame.xcdatamodeld */; };
		11CE53FB27E0D564007AC389 /* Assets.xcassets in Resources */ = {isa = PBXBuildFile; fileRef = 11CE53FA27E0D564007AC389 /* Assets.xcassets */; };
		11CE53FE27E0D564007AC389 /* LaunchScreen.storyboard in Resources */ = {isa = PBXBuildFile; fileRef = 11CE53FC27E0D564007AC389 /* LaunchScreen.storyboard */; };
		11CE540627E0D6BB007AC389 /* GoogleService-Info.plist in Resources */ = {isa = PBXBuildFile; fileRef = 11CE540527E0D6BB007AC389 /* GoogleService-Info.plist */; };
		11CE540927E0D7D9007AC389 /* FirebaseAnalytics in Frameworks */ = {isa = PBXBuildFile; productRef = 11CE540827E0D7D9007AC389 /* FirebaseAnalytics */; };
		11CE540B27E0D7D9007AC389 /* FirebaseAnalyticsSwift-Beta in Frameworks */ = {isa = PBXBuildFile; productRef = 11CE540A27E0D7D9007AC389 /* FirebaseAnalyticsSwift-Beta */; };
		11CE540D27E0D7D9007AC389 /* FirebaseDatabase in Frameworks */ = {isa = PBXBuildFile; productRef = 11CE540C27E0D7D9007AC389 /* FirebaseDatabase */; };
		11CE540F27E0D7D9007AC389 /* FirebaseDatabaseSwift-Beta in Frameworks */ = {isa = PBXBuildFile; productRef = 11CE540E27E0D7D9007AC389 /* FirebaseDatabaseSwift-Beta */; };
		11CE541127E0D7D9007AC389 /* FirebaseFirestore in Frameworks */ = {isa = PBXBuildFile; productRef = 11CE541027E0D7D9007AC389 /* FirebaseFirestore */; };
		11CE541327E0D7D9007AC389 /* FirebaseFirestoreSwift-Beta in Frameworks */ = {isa = PBXBuildFile; productRef = 11CE541227E0D7D9007AC389 /* FirebaseFirestoreSwift-Beta */; };
/* End PBXBuildFile section */

/* Begin PBXFileReference section */
		11CE53EB27E0D563007AC389 /* clickerGame.app */ = {isa = PBXFileReference; explicitFileType = wrapper.application; includeInIndex = 0; path = clickerGame.app; sourceTree = BUILT_PRODUCTS_DIR; };
		11CE53EE27E0D563007AC389 /* AppDelegate.swift */ = {isa = PBXFileReference; lastKnownFileType = sourcecode.swift; path = AppDelegate.swift; sourceTree = "<group>"; };
		11CE53F027E0D563007AC389 /* SceneDelegate.swift */ = {isa = PBXFileReference; lastKnownFileType = sourcecode.swift; path = SceneDelegate.swift; sourceTree = "<group>"; };
		11CE53F227E0D563007AC389 /* ViewController.swift */ = {isa = PBXFileReference; lastKnownFileType = sourcecode.swift; path = ViewController.swift; sourceTree = "<group>"; };
		11CE53F527E0D563007AC389 /* Base */ = {isa = PBXFileReference; lastKnownFileType = file.storyboard; name = Base; path = Base.lproj/Main.storyboard; sourceTree = "<group>"; };
		11CE53F827E0D563007AC389 /* clickerGame.xcdatamodel */ = {isa = PBXFileReference; lastKnownFileType = wrapper.xcdatamodel; path = clickerGame.xcdatamodel; sourceTree = "<group>"; };
		11CE53FA27E0D564007AC389 /* Assets.xcassets */ = {isa = PBXFileReference; lastKnownFileType = folder.assetcatalog; path = Assets.xcassets; sourceTree = "<group>"; };
		11CE53FD27E0D564007AC389 /* Base */ = {isa = PBXFileReference; lastKnownFileType = file.storyboard; name = Base; path = Base.lproj/LaunchScreen.storyboard; sourceTree = "<group>"; };
		11CE53FF27E0D564007AC389 /* Info.plist */ = {isa = PBXFileReference; lastKnownFileType = text.plist.xml; path = Info.plist; sourceTree = "<group>"; };
		11CE540527E0D6BB007AC389 /* GoogleService-Info.plist */ = {isa = PBXFileReference; fileEncoding = 4; lastKnownFileType = text.plist.xml; path = "GoogleService-Info.plist"; sourceTree = "<group>"; };
/* End PBXFileReference section */

/* Begin PBXFrameworksBuildPhase section */
		11CE53E827E0D563007AC389 /* Frameworks */ = {
			isa = PBXFrameworksBuildPhase;
			buildActionMask = 2147483647;
			files = (
				11CE540D27E0D7D9007AC389 /* FirebaseDatabase in Frameworks */,
				11CE540B27E0D7D9007AC389 /* FirebaseAnalyticsSwift-Beta in Frameworks */,
				11CE540F27E0D7D9007AC389 /* FirebaseDatabaseSwift-Beta in Frameworks */,
				11CE541327E0D7D9007AC389 /* FirebaseFirestoreSwift-Beta in Frameworks */,
				11CE541127E0D7D9007AC389 /* FirebaseFirestore in Frameworks */,
				11CE540927E0D7D9007AC389 /* FirebaseAnalytics in Frameworks */,
			);
			runOnlyForDeploymentPostprocessing = 0;
		};
/* End PBXFrameworksBuildPhase section */

/* Begin PBXGroup section */
		11CE53E227E0D563007AC389 = {
			isa = PBXGroup;
			children = (
				11CE53ED27E0D563007AC389 /* clickerGame */,
				11CE53EC27E0D563007AC389 /* Products */,
			);
			sourceTree = "<group>";
		};
		11CE53EC27E0D563007AC389 /* Products */ = {
			isa = PBXGroup;
			children = (
				11CE53EB27E0D563007AC389 /* clickerGame.app */,
			);
			name = Products;
			sourceTree = "<group>";
		};
		11CE53ED27E0D563007AC389 /* clickerGame */ = {
			isa = PBXGroup;
			children = (
				11CE53EE27E0D563007AC389 /* AppDelegate.swift */,
				11CE53F027E0D563007AC389 /* SceneDelegate.swift */,
				11CE53F227E0D563007AC389 /* ViewController.swift */,
				11CE53F427E0D563007AC389 /* Main.storyboard */,
				11CE53FA27E0D564007AC389 /* Assets.xcassets */,
				11CE53FC27E0D564007AC389 /* LaunchScreen.storyboard */,
				11CE53FF27E0D564007AC389 /* Info.plist */,
				11CE540527E0D6BB007AC389 /* GoogleService-Info.plist */,
				11CE53F727E0D563007AC389 /* clickerGame.xcdatamodeld */,
			);
			path = clickerGame;
			sourceTree = "<group>";
		};
/* End PBXGroup section */

/* Begin PBXNativeTarget section */
		11CE53EA27E0D563007AC389 /* clickerGame */ = {
			isa = PBXNativeTarget;
			buildConfigurationList = 11CE540227E0D564007AC389 /* Build configuration list for PBXNativeTarget "clickerGame" */;
			buildPhases = (
				11CE53E727E0D563007AC389 /* Sources */,
				11CE53E827E0D563007AC389 /* Frameworks */,
				11CE53E927E0D563007AC389 /* Resources */,
			);
			buildRules = (
			);
			dependencies = (
			);
			name = clickerGame;
			packageProductDependencies = (
				11CE540827E0D7D9007AC389 /* FirebaseAnalytics */,
				11CE540A27E0D7D9007AC389 /* FirebaseAnalyticsSwift-Beta */,
				11CE540C27E0D7D9007AC389 /* FirebaseDatabase */,
				11CE540E27E0D7D9007AC389 /* FirebaseDatabaseSwift-Beta */,
				11CE541027E0D7D9007AC389 /* FirebaseFirestore */,
				11CE541227E0D7D9007AC389 /* FirebaseFirestoreSwift-Beta */,
			);
			productName = clickerGame;
			productReference = 11CE53EB27E0D563007AC389 /* clickerGame.app */;
			productType = "com.apple.product-type.application";
		};
/* End PBXNativeTarget section */

/* Begin PBXProject section */
		11CE53E327E0D563007AC389 /* Project object */ = {
			isa = PBXProject;
			attributes = {
				BuildIndependentTargetsInParallel = 1;
				LastSwiftUpdateCheck = 1320;
				LastUpgradeCheck = 1320;
				TargetAttributes = {
					11CE53EA27E0D563007AC389 = {
						CreatedOnToolsVersion = 13.2.1;
					};
				};
			};
			buildConfigurationList = 11CE53E627E0D563007AC389 /* Build configuration list for PBXProject "clickerGame" */;
			compatibilityVersion = "Xcode 13.0";
			developmentRegion = en;
			hasScannedForEncodings = 0;
			knownRegions = (
				en,
				Base,
			);
			mainGroup = 11CE53E227E0D563007AC389;
			packageReferences = (
				11CE540727E0D7D9007AC389 /* XCRemoteSwiftPackageReference "firebase-ios-sdk" */,
			);
			productRefGroup = 11CE53EC27E0D563007AC389 /* Products */;
			projectDirPath = "";
			projectRoot = "";
			targets = (
				11CE53EA27E0D563007AC389 /* clickerGame */,
			);
		};
/* End PBXProject section */

/* Begin PBXResourcesBuildPhase section */
		11CE53E927E0D563007AC389 /* Resources */ = {
			isa = PBXResourcesBuildPhase;
			buildActionMask = 2147483647;
			files = (
				11CE53FE27E0D564007AC389 /* LaunchScreen.storyboard in Resources */,
				11CE540627E0D6BB007AC389 /* GoogleService-Info.plist in Resources */,
				11CE53FB27E0D564007AC389 /* Assets.xcassets in Resources */,
				11CE53F627E0D563007AC389 /* Main.storyboard in Resources */,
			);
			runOnlyForDeploymentPostprocessing = 0;
		};
/* End PBXResourcesBuildPhase section */

/* Begin PBXSourcesBuildPhase section */
		11CE53E727E0D563007AC389 /* Sources */ = {
			isa = PBXSourcesBuildPhase;
			buildActionMask = 2147483647;
			files = (
				11CE53F327E0D563007AC389 /* ViewController.swift in Sources */,
				11CE53EF27E0D563007AC389 /* AppDelegate.swift in Sources */,
				11CE53F127E0D563007AC389 /* SceneDelegate.swift in Sources */,
				11CE53F927E0D563007AC389 /* clickerGame.xcdatamodeld in Sources */,
			);
			runOnlyForDeploymentPostprocessing = 0;
		};
/* End PBXSourcesBuildPhase section */

/* Begin PBXVariantGroup section */
		11CE53F427E0D563007AC389 /* Main.storyboard */ = {
			isa = PBXVariantGroup;
			children = (
				11CE53F527E0D563007AC389 /* Base */,
			);
			name = Main.storyboard;
			sourceTree = "<group>";
		};
		11CE53FC27E0D564007AC389 /* LaunchScreen.storyboard */ = {
			isa = PBXVariantGroup;
			children = (
				11CE53FD27E0D564007AC389 /* Base */,
			);
			name = LaunchScreen.storyboard;
			sourceTree = "<group>";
		};
/* End PBXVariantGroup section */

/* Begin XCBuildConfiguration section */
		11CE540027E0D564007AC389 /* Debug */ = {
			isa = XCBuildConfiguration;
			buildSettings = {
				ALWAYS_SEARCH_USER_PATHS = NO;
				CLANG_ANALYZER_NONNULL = YES;
				CLANG_ANALYZER_NUMBER_OBJECT_CONVERSION = YES_AGGRESSIVE;
				CLANG_CXX_LANGUAGE_STANDARD = "gnu++17";
				CLANG_CXX_LIBRARY = "libc++";
				CLANG_ENABLE_MODULES = YES;
				CLANG_ENABLE_OBJC_ARC = YES;
				CLANG_ENABLE_OBJC_WEAK = YES;
				CLANG_WARN_BLOCK_CAPTURE_AUTORELEASING = YES;
				CLANG_WARN_BOOL_CONVERSION = YES;
				CLANG_WARN_COMMA = YES;
				CLANG_WARN_CONSTANT_CONVERSION = YES;
				CLANG_WARN_DEPRECATED_OBJC_IMPLEMENTATIONS = YES;
				CLANG_WARN_DIRECT_OBJC_ISA_USAGE = YES_ERROR;
				CLANG_WARN_DOCUMENTATION_COMMENTS = YES;
				CLANG_WARN_EMPTY_BODY = YES;
				CLANG_WARN_ENUM_CONVERSION = YES;
				CLANG_WARN_INFINITE_RECURSION = YES;
				CLANG_WARN_INT_CONVERSION = YES;
				CLANG_WARN_NON_LITERAL_NULL_CONVERSION = YES;
				CLANG_WARN_OBJC_IMPLICIT_RETAIN_SELF = YES;
				CLANG_WARN_OBJC_LITERAL_CONVERSION = YES;
				CLANG_WARN_OBJC_ROOT_CLASS = YES_ERROR;
				CLANG_WARN_QUOTED_INCLUDE_IN_FRAMEWORK_HEADER = YES;
				CLANG_WARN_RANGE_LOOP_ANALYSIS = YES;
				CLANG_WARN_STRICT_PROTOTYPES = YES;
				CLANG_WARN_SUSPICIOUS_MOVE = YES;
				CLANG_WARN_UNGUARDED_AVAILABILITY = YES_AGGRESSIVE;
				CLANG_WARN_UNREACHABLE_CODE = YES;
				CLANG_WARN__DUPLICATE_METHOD_MATCH = YES;
				COPY_PHASE_STRIP = NO;
				DEBUG_INFORMATION_FORMAT = dwarf;
				ENABLE_STRICT_OBJC_MSGSEND = YES;
				ENABLE_TESTABILITY = YES;
				GCC_C_LANGUAGE_STANDARD = gnu11;
				GCC_DYNAMIC_NO_PIC = NO;
				GCC_NO_COMMON_BLOCKS = YES;
				GCC_OPTIMIZATION_LEVEL = 0;
				GCC_PREPROCESSOR_DEFINITIONS = (
					"DEBUG=1",
					"$(inherited)",
				);
				GCC_WARN_64_TO_32_BIT_CONVERSION = YES;
				GCC_WARN_ABOUT_RETURN_TYPE = YES_ERROR;
				GCC_WARN_UNDECLARED_SELECTOR = YES;
				GCC_WARN_UNINITIALIZED_AUTOS = YES_AGGRESSIVE;
				GCC_WARN_UNUSED_FUNCTION = YES;
				GCC_WARN_UNUSED_VARIABLE = YES;
				IPHONEOS_DEPLOYMENT_TARGET = 15.2;
				MTL_ENABLE_DEBUG_INFO = INCLUDE_SOURCE;
				MTL_FAST_MATH = YES;
				ONLY_ACTIVE_ARCH = YES;
				SDKROOT = iphoneos;
				SWIFT_ACTIVE_COMPILATION_CONDITIONS = DEBUG;
				SWIFT_OPTIMIZATION_LEVEL = "-Onone";
			};
			name = Debug;
		};
		11CE540127E0D564007AC389 /* Release */ = {
			isa = XCBuildConfiguration;
			buildSettings = {
				ALWAYS_SEARCH_USER_PATHS = NO;
				CLANG_ANALYZER_NONNULL = YES;
				CLANG_ANALYZER_NUMBER_OBJECT_CONVERSION = YES_AGGRESSIVE;
				CLANG_CXX_LANGUAGE_STANDARD = "gnu++17";
				CLANG_CXX_LIBRARY = "libc++";
				CLANG_ENABLE_MODULES = YES;
				CLANG_ENABLE_OBJC_ARC = YES;
				CLANG_ENABLE_OBJC_WEAK = YES;
				CLANG_WARN_BLOCK_CAPTURE_AUTORELEASING = YES;
				CLANG_WARN_BOOL_CONVERSION = YES;
				CLANG_WARN_COMMA = YES;
				CLANG_WARN_CONSTANT_CONVERSION = YES;
				CLANG_WARN_DEPRECATED_OBJC_IMPLEMENTATIONS = YES;
				CLANG_WARN_DIRECT_OBJC_ISA_USAGE = YES_ERROR;
				CLANG_WARN_DOCUMENTATION_COMMENTS = YES;
				CLANG_WARN_EMPTY_BODY = YES;
				CLANG_WARN_ENUM_CONVERSION = YES;
				CLANG_WARN_INFINITE_RECURSION = YES;
				CLANG_WARN_INT_CONVERSION = YES;
				CLANG_WARN_NON_LITERAL_NULL_CONVERSION = YES;
				CLANG_WARN_OBJC_IMPLICIT_RETAIN_SELF = YES;
				CLANG_WARN_OBJC_LITERAL_CONVERSION = YES;
				CLANG_WARN_OBJC_ROOT_CLASS = YES_ERROR;
				CLANG_WARN_QUOTED_INCLUDE_IN_FRAMEWORK_HEADER = YES;
				CLANG_WARN_RANGE_LOOP_ANALYSIS = YES;
				CLANG_WARN_STRICT_PROTOTYPES = YES;
				CLANG_WARN_SUSPICIOUS_MOVE = YES;
				CLANG_WARN_UNGUARDED_AVAILABILITY = YES_AGGRESSIVE;
				CLANG_WARN_UNREACHABLE_CODE = YES;
				CLANG_WARN__DUPLICATE_METHOD_MATCH = YES;
				COPY_PHASE_STRIP = NO;
				DEBUG_INFORMATION_FORMAT = "dwarf-with-dsym";
				ENABLE_NS_ASSERTIONS = NO;
				ENABLE_STRICT_OBJC_MSGSEND = YES;
				GCC_C_LANGUAGE_STANDARD = gnu11;
				GCC_NO_COMMON_BLOCKS = YES;
				GCC_WARN_64_TO_32_BIT_CONVERSION = YES;
				GCC_WARN_ABOUT_RETURN_TYPE = YES_ERROR;
				GCC_WARN_UNDECLARED_SELECTOR = YES;
				GCC_WARN_UNINITIALIZED_AUTOS = YES_AGGRESSIVE;
				GCC_WARN_UNUSED_FUNCTION = YES;
				GCC_WARN_UNUSED_VARIABLE = YES;
				IPHONEOS_DEPLOYMENT_TARGET = 15.2;
				MTL_ENABLE_DEBUG_INFO = NO;
				MTL_FAST_MATH = YES;
				SDKROOT = iphoneos;
				SWIFT_COMPILATION_MODE = wholemodule;
				SWIFT_OPTIMIZATION_LEVEL = "-O";
				VALIDATE_PRODUCT = YES;
			};
			name = Release;
		};
		11CE540327E0D564007AC389 /* Debug */ = {
			isa = XCBuildConfiguration;
			buildSettings = {
				ASSETCATALOG_COMPILER_APPICON_NAME = AppIcon;
				ASSETCATALOG_COMPILER_GLOBAL_ACCENT_COLOR_NAME = AccentColor;
				CODE_SIGN_STYLE = Automatic;
				CURRENT_PROJECT_VERSION = 1;
				DEVELOPMENT_TEAM = XFUR3T8U8Y;
				GENERATE_INFOPLIST_FILE = YES;
				INFOPLIST_FILE = clickerGame/Info.plist;
				INFOPLIST_KEY_UIApplicationSupportsIndirectInputEvents = YES;
				INFOPLIST_KEY_UILaunchStoryboardName = LaunchScreen;
				INFOPLIST_KEY_UIMainStoryboardFile = Main;
				INFOPLIST_KEY_UISupportedInterfaceOrientations_iPad = "UIInterfaceOrientationPortrait UIInterfaceOrientationPortraitUpsideDown UIInterfaceOrientationLandscapeLeft UIInterfaceOrientationLandscapeRight";
				INFOPLIST_KEY_UISupportedInterfaceOrientations_iPhone = "UIInterfaceOrientationPortrait UIInterfaceOrientationLandscapeLeft UIInterfaceOrientationLandscapeRight";
				LD_RUNPATH_SEARCH_PATHS = (
					"$(inherited)",
					"@executable_path/Frameworks",
				);
				MARKETING_VERSION = 1.0;
				PRODUCT_BUNDLE_IDENTIFIER = clc.clickerGame;
				PRODUCT_NAME = "$(TARGET_NAME)";
				SWIFT_EMIT_LOC_STRINGS = YES;
				SWIFT_VERSION = 5.0;
				TARGETED_DEVICE_FAMILY = "1,2";
			};
			name = Debug;
		};
		11CE540427E0D564007AC389 /* Release */ = {
			isa = XCBuildConfiguration;
			buildSettings = {
				ASSETCATALOG_COMPILER_APPICON_NAME = AppIcon;
				ASSETCATALOG_COMPILER_GLOBAL_ACCENT_COLOR_NAME = AccentColor;
				CODE_SIGN_STYLE = Automatic;
				CURRENT_PROJECT_VERSION = 1;
				DEVELOPMENT_TEAM = XFUR3T8U8Y;
				GENERATE_INFOPLIST_FILE = YES;
				INFOPLIST_FILE = clickerGame/Info.plist;
				INFOPLIST_KEY_UIApplicationSupportsIndirectInputEvents = YES;
				INFOPLIST_KEY_UILaunchStoryboardName = LaunchScreen;
				INFOPLIST_KEY_UIMainStoryboardFile = Main;
				INFOPLIST_KEY_UISupportedInterfaceOrientations_iPad = "UIInterfaceOrientationPortrait UIInterfaceOrientationPortraitUpsideDown UIInterfaceOrientationLandscapeLeft UIInterfaceOrientationLandscapeRight";
				INFOPLIST_KEY_UISupportedInterfaceOrientations_iPhone = "UIInterfaceOrientationPortrait UIInterfaceOrientationLandscapeLeft UIInterfaceOrientationLandscapeRight";
				LD_RUNPATH_SEARCH_PATHS = (
					"$(inherited)",
					"@executable_path/Frameworks",
				);
				MARKETING_VERSION = 1.0;
				PRODUCT_BUNDLE_IDENTIFIER = clc.clickerGame;
				PRODUCT_NAME = "$(TARGET_NAME)";
				SWIFT_EMIT_LOC_STRINGS = YES;
				SWIFT_VERSION = 5.0;
				TARGETED_DEVICE_FAMILY = "1,2";
			};
			name = Release;
		};
/* End XCBuildConfiguration section */

/* Begin XCConfigurationList section */
		11CE53E627E0D563007AC389 /* Build configuration list for PBXProject "clickerGame" */ = {
			isa = XCConfigurationList;
			buildConfigurations = (
				11CE540027E0D564007AC389 /* Debug */,
				11CE540127E0D564007AC389 /* Release */,
			);
			defaultConfigurationIsVisible = 0;
			defaultConfigurationName = Release;
		};
		11CE540227E0D564007AC389 /* Build configuration list for PBXNativeTarget "clickerGame" */ = {
			isa = XCConfigurationList;
			buildConfigurations = (
				11CE540327E0D564007AC389 /* Debug */,
				11CE540427E0D564007AC389 /* Release */,
			);
			defaultConfigurationIsVisible = 0;
			defaultConfigurationName = Release;
		};
/* End XCConfigurationList section */

/* Begin XCRemoteSwiftPackageReference section */
		11CE540727E0D7D9007AC389 /* XCRemoteSwiftPackageReference "firebase-ios-sdk" */ = {
			isa = XCRemoteSwiftPackageReference;
			repositoryURL = "https://github.com/firebase/firebase-ios-sdk";
			requirement = {
				branch = master;
				kind = branch;
			};
		};
/* End XCRemoteSwiftPackageReference section */

/* Begin XCSwiftPackageProductDependency section */
		11CE540827E0D7D9007AC389 /* FirebaseAnalytics */ = {
			isa = XCSwiftPackageProductDependency;
			package = 11CE540727E0D7D9007AC389 /* XCRemoteSwiftPackageReference "firebase-ios-sdk" */;
			productName = FirebaseAnalytics;
		};
		11CE540A27E0D7D9007AC389 /* FirebaseAnalyticsSwift-Beta */ = {
			isa = XCSwiftPackageProductDependency;
			package = 11CE540727E0D7D9007AC389 /* XCRemoteSwiftPackageReference "firebase-ios-sdk" */;
			productName = "FirebaseAnalyticsSwift-Beta";
		};
		11CE540C27E0D7D9007AC389 /* FirebaseDatabase */ = {
			isa = XCSwiftPackageProductDependency;
			package = 11CE540727E0D7D9007AC389 /* XCRemoteSwiftPackageReference "firebase-ios-sdk" */;
			productName = FirebaseDatabase;
		};
		11CE540E27E0D7D9007AC389 /* FirebaseDatabaseSwift-Beta */ = {
			isa = XCSwiftPackageProductDependency;
			package = 11CE540727E0D7D9007AC389 /* XCRemoteSwiftPackageReference "firebase-ios-sdk" */;
			productName = "FirebaseDatabaseSwift-Beta";
		};
		11CE541027E0D7D9007AC389 /* FirebaseFirestore */ = {
			isa = XCSwiftPackageProductDependency;
			package = 11CE540727E0D7D9007AC389 /* XCRemoteSwiftPackageReference "firebase-ios-sdk" */;
			productName = FirebaseFirestore;
		};
		11CE541227E0D7D9007AC389 /* FirebaseFirestoreSwift-Beta */ = {
			isa = XCSwiftPackageProductDependency;
			package = 11CE540727E0D7D9007AC389 /* XCRemoteSwiftPackageReference "firebase-ios-sdk" */;
			productName = "FirebaseFirestoreSwift-Beta";
		};
/* End XCSwiftPackageProductDependency section */

/* Begin XCVersionGroup section */
		11CE53F727E0D563007AC389 /* clickerGame.xcdatamodeld */ = {
			isa = XCVersionGroup;
			children = (
				11CE53F827E0D563007AC389 /* clickerGame.xcdatamodel */,
			);
			currentVersion = 11CE53F827E0D563007AC389 /* clickerGame.xcdatamodel */;
			path = clickerGame.xcdatamodeld;
			sourceTree = "<group>";
			versionGroupType = wrapper.xcdatamodel;
		};
/* End XCVersionGroup section */
	};
	rootObject = 11CE53E327E0D563007AC389 /* Project object */;
}
